
Microsoft Visual Studio Solution File, Format Version 12.00
# Visual Studio Version 16
VisualStudioVersion = 16.0.30615.102
MinimumVisualStudioVersion = 10.0.40219.1
Project("{9A19103F-16F7-4668-BE54-9A1E7A4F7556}") = "Klondike", "Klondike.csproj", "{BED81F76-DCB1-43CD-9D85-B88C2472E566}"
EndProject
Project("{FAE04EC0-301F-11D3-BF4B-00C04F79EFBC}") = "KlondikeTest", "KlondikeTest\KlondikeTest.csproj", "{42CD3EEA-DF60-4074-A70A-B5FB4B1C54E2}"
EndProject
Global
	GlobalSection(SolutionConfigurationPlatforms) = preSolution
		Debug|Any CPU = Debug|Any CPU
		Release|Any CPU = Release|Any CPU
	EndGlobalSection
	GlobalSection(ProjectConfigurationPlatforms) = postSolution
		{BED81F76-DCB1-43CD-9D85-B88C2472E566}.Debug|Any CPU.ActiveCfg = Debug|Any CPU
		{BED81F76-DCB1-43CD-9D85-B88C2472E566}.Debug|Any CPU.Build.0 = Debug|Any CPU
		{BED81F76-DCB1-43CD-9D85-B88C2472E566}.Release|Any CPU.ActiveCfg = Release|Any CPU
		{BED81F76-DCB1-43CD-9D85-B88C2472E566}.Release|Any CPU.Build.0 = Release|Any CPU
		{42CD3EEA-DF60-4074-A70A-B5FB4B1C54E2}.Debug|Any CPU.ActiveCfg = Debug|Any CPU
		{42CD3EEA-DF60-4074-A70A-B5FB4B1C54E2}.Debug|Any CPU.Build.0 = Debug|Any CPU
		{42CD3EEA-DF60-4074-A70A-B5FB4B1C54E2}.Release|Any CPU.ActiveCfg = Release|Any CPU
		{42CD3EEA-DF60-4074-A70A-B5FB4B1C54E2}.Release|Any CPU.Build.0 = Release|Any CPU
	EndGlobalSection
	GlobalSection(SolutionProperties) = preSolution
		HideSolutionNode = FALSE
	EndGlobalSection
	GlobalSection(ExtensibilityGlobals) = postSolution
		SolutionGuid = {8B6CB417-28C7-4D72-9A68-5FFECCCE8DF3}
	EndGlobalSection
EndGlobal
